
Microsoft Visual Studio Solution File, Format Version 12.00
Project("{FAE04EC0-301F-11D3-BF4B-00C04F79EFBC}") = "MediScreenApiTests", "MediScreenApiTests.csproj", "{B31C3764-95A5-472B-BE0B-BA65872E8197}"
EndProject
Global
	GlobalSection(SolutionConfigurationPlatforms) = preSolution
		Debug|Any CPU = Debug|Any CPU
		Release|Any CPU = Release|Any CPU
	EndGlobalSection
	GlobalSection(ProjectConfigurationPlatforms) = postSolution
		{B31C3764-95A5-472B-BE0B-BA65872E8197}.Debug|Any CPU.ActiveCfg = Debug|Any CPU
		{B31C3764-95A5-472B-BE0B-BA65872E8197}.Debug|Any CPU.Build.0 = Debug|Any CPU
		{B31C3764-95A5-472B-BE0B-BA65872E8197}.Release|Any CPU.ActiveCfg = Release|Any CPU
		{B31C3764-95A5-472B-BE0B-BA65872E8197}.Release|Any CPU.Build.0 = Release|Any CPU
	EndGlobalSection
EndGlobal
